
Microsoft Visual Studio Solution File, Format Version 12.00
# Visual Studio 15
VisualStudioVersion = 15.0.27130.2027
MinimumVisualStudioVersion = 10.0.40219.1
Project("{FAE04EC0-301F-11D3-BF4B-00C04F79EFBC}") = "VienneseAlgorithmGenerator", "VienneseAlgorithmGenerator\VienneseAlgorithmGenerator.csproj", "{D1654F7B-9581-4ACD-B6F3-1B1A10C449EB}"
EndProject
Global
	GlobalSection(SolutionConfigurationPlatforms) = preSolution
		Debug|Any CPU = Debug|Any CPU
		Release|Any CPU = Release|Any CPU
	EndGlobalSection
	GlobalSection(ProjectConfigurationPlatforms) = postSolution
		{D1654F7B-9581-4ACD-B6F3-1B1A10C449EB}.Debug|Any CPU.ActiveCfg = Debug|Any CPU
		{D1654F7B-9581-4ACD-B6F3-1B1A10C449EB}.Debug|Any CPU.Build.0 = Debug|Any CPU
		{D1654F7B-9581-4ACD-B6F3-1B1A10C449EB}.Release|Any CPU.ActiveCfg = Release|Any CPU
		{D1654F7B-9581-4ACD-B6F3-1B1A10C449EB}.Release|Any CPU.Build.0 = Release|Any CPU
	EndGlobalSection
	GlobalSection(SolutionProperties) = preSolution
		HideSolutionNode = FALSE
	EndGlobalSection
	GlobalSection(ExtensibilityGlobals) = postSolution
		SolutionGuid = {B65B94E1-EF1E-4AF8-8D5A-65CF8365E00D}
	EndGlobalSection
EndGlobal
